
Microsoft Visual Studio Solution File, Format Version 12.00
# Visual Studio Version 17
VisualStudioVersion = 17.13.35806.99 d17.13
MinimumVisualStudioVersion = 10.0.40219.1
Project("{FAE04EC0-301F-11D3-BF4B-00C04F79EFBC}") = "EventEaseWebApp", "EventEaseWebApp.csproj", "{51E99BF1-ED12-4A2D-BB81-C25590FABACA}"
EndProject
Global
	GlobalSection(SolutionConfigurationPlatforms) = preSolution
		Debug|Any CPU = Debug|Any CPU
		Release|Any CPU = Release|Any CPU
	EndGlobalSection
	GlobalSection(ProjectConfigurationPlatforms) = postSolution
		{51E99BF1-ED12-4A2D-BB81-C25590FABACA}.Debug|Any CPU.ActiveCfg = Debug|Any CPU
		{51E99BF1-ED12-4A2D-BB81-C25590FABACA}.Debug|Any CPU.Build.0 = Debug|Any CPU
		{51E99BF1-ED12-4A2D-BB81-C25590FABACA}.Release|Any CPU.ActiveCfg = Release|Any CPU
		{51E99BF1-ED12-4A2D-BB81-C25590FABACA}.Release|Any CPU.Build.0 = Release|Any CPU
	EndGlobalSection
	GlobalSection(SolutionProperties) = preSolution
		HideSolutionNode = FALSE
	EndGlobalSection
	GlobalSection(ExtensibilityGlobals) = postSolution
		SolutionGuid = {DE428977-130E-494A-993D-0C19648F1158}
	EndGlobalSection
EndGlobal
